
Microsoft Visual Studio Solution File, Format Version 12.00
# Visual Studio Version 17
VisualStudioVersion = 17.5.002.0
MinimumVisualStudioVersion = 10.0.40219.1
Project("{9A19103F-16F7-4668-BE54-9A1E7A4F7556}") = "sorteo", "sorteo.csproj", "{5059A075-13E0-4776-A87A-D26CF3438E1F}"
EndProject
Global
	GlobalSection(SolutionConfigurationPlatforms) = preSolution
		Debug|Any CPU = Debug|Any CPU
		Release|Any CPU = Release|Any CPU
	EndGlobalSection
	GlobalSection(ProjectConfigurationPlatforms) = postSolution
		{5059A075-13E0-4776-A87A-D26CF3438E1F}.Debug|Any CPU.ActiveCfg = Debug|Any CPU
		{5059A075-13E0-4776-A87A-D26CF3438E1F}.Debug|Any CPU.Build.0 = Debug|Any CPU
		{5059A075-13E0-4776-A87A-D26CF3438E1F}.Release|Any CPU.ActiveCfg = Release|Any CPU
		{5059A075-13E0-4776-A87A-D26CF3438E1F}.Release|Any CPU.Build.0 = Release|Any CPU
	EndGlobalSection
	GlobalSection(SolutionProperties) = preSolution
		HideSolutionNode = FALSE
	EndGlobalSection
	GlobalSection(ExtensibilityGlobals) = postSolution
		SolutionGuid = {9C57116A-5781-448D-AFBE-7D17F130E5E5}
	EndGlobalSection
EndGlobal
